// !$*UTF8*$!
{
	archiveVersion = 1;
	classes = {
	};
	objectVersion = 56;
	objects = {

/* Begin PBXBuildFile section */
		BA10CA152ABBF4A3002B6E2B /* LightHouseView.swift in Sources */ = {isa = PBXBuildFile; fileRef = BA10CA142ABBF4A3002B6E2B /* LightHouseView.swift */; };
		BA10CA172ABBFAB0002B6E2B /* RotateRepresentableView.swift in Sources */ = {isa = PBXBuildFile; fileRef = BA10CA162ABBFAB0002B6E2B /* RotateRepresentableView.swift */; };
		BA710BB42ABBE991005F5B4B /* LightHouse2App.swift in Sources */ = {isa = PBXBuildFile; fileRef = BA710BB32ABBE991005F5B4B /* LightHouse2App.swift */; };
		BA710BB62ABBE991005F5B4B /* RotateLightView.swift in Sources */ = {isa = PBXBuildFile; fileRef = BA710BB52ABBE991005F5B4B /* RotateLightView.swift */; };
		BA710BB82ABBE991005F5B4B /* Assets.xcassets in Resources */ = {isa = PBXBuildFile; fileRef = BA710BB72ABBE991005F5B4B /* Assets.xcassets */; };
		BA710BBC2ABBE991005F5B4B /* Preview Assets.xcassets in Resources */ = {isa = PBXBuildFile; fileRef = BA710BBB2ABBE991005F5B4B /* Preview Assets.xcassets */; };
		BA710BC32ABBEABE005F5B4B /* lightBeam.scn in Resources */ = {isa = PBXBuildFile; fileRef = BA710BC22ABBEABE005F5B4B /* lightBeam.scn */; };
/* End PBXBuildFile section */

/* Begin PBXFileReference section */
		BA10CA142ABBF4A3002B6E2B /* LightHouseView.swift */ = {isa = PBXFileReference; lastKnownFileType = sourcecode.swift; path = LightHouseView.swift; sourceTree = "<group>"; };
		BA10CA162ABBFAB0002B6E2B /* RotateRepresentableView.swift */ = {isa = PBXFileReference; lastKnownFileType = sourcecode.swift; path = RotateRepresentableView.swift; sourceTree = "<group>"; };
		BA710BB02ABBE991005F5B4B /* LightHouse2.app */ = {isa = PBXFileReference; explicitFileType = wrapper.application; includeInIndex = 0; path = LightHouse2.app; sourceTree = BUILT_PRODUCTS_DIR; };
		BA710BB32ABBE991005F5B4B /* LightHouse2App.swift */ = {isa = PBXFileReference; lastKnownFileType = sourcecode.swift; path = LightHouse2App.swift; sourceTree = "<group>"; };
		BA710BB52ABBE991005F5B4B /* RotateLightView.swift */ = {isa = PBXFileReference; lastKnownFileType = sourcecode.swift; path = RotateLightView.swift; sourceTree = "<group>"; };
		BA710BB72ABBE991005F5B4B /* Assets.xcassets */ = {isa = PBXFileReference; lastKnownFileType = folder.assetcatalog; path = Assets.xcassets; sourceTree = "<group>"; };
		BA710BB92ABBE991005F5B4B /* LightHouse2.entitlements */ = {isa = PBXFileReference; lastKnownFileType = text.plist.entitlements; path = LightHouse2.entitlements; sourceTree = "<group>"; };
		BA710BBB2ABBE991005F5B4B /* Preview Assets.xcassets */ = {isa = PBXFileReference; lastKnownFileType = folder.assetcatalog; path = "Preview Assets.xcassets"; sourceTree = "<group>"; };
		BA710BC22ABBEABE005F5B4B /* lightBeam.scn */ = {isa = PBXFileReference; lastKnownFileType = file.bplist; path = lightBeam.scn; sourceTree = "<group>"; };
/* End PBXFileReference section */

/* Begin PBXFrameworksBuildPhase section */
		BA710BAD2ABBE991005F5B4B /* Frameworks */ = {
			isa = PBXFrameworksBuildPhase;
			buildActionMask = 2147483647;
			files = (
			);
			runOnlyForDeploymentPostprocessing = 0;
		};
/* End PBXFrameworksBuildPhase section */

/* Begin PBXGroup section */
		BA710BA72ABBE991005F5B4B = {
			isa = PBXGroup;
			children = (
				BA710BB22ABBE991005F5B4B /* LightHouse2 */,
				BA710BB12ABBE991005F5B4B /* Products */,
			);
			sourceTree = "<group>";
		};
		BA710BB12ABBE991005F5B4B /* Products */ = {
			isa = PBXGroup;
			children = (
				BA710BB02ABBE991005F5B4B /* LightHouse2.app */,
			);
			name = Products;
			sourceTree = "<group>";
		};
		BA710BB22ABBE991005F5B4B /* LightHouse2 */ = {
			isa = PBXGroup;
			children = (
				BA710BB32ABBE991005F5B4B /* LightHouse2App.swift */,
				BA710BB52ABBE991005F5B4B /* RotateLightView.swift */,
				BA10CA162ABBFAB0002B6E2B /* RotateRepresentableView.swift */,
				BA10CA142ABBF4A3002B6E2B /* LightHouseView.swift */,
				BA710BC22ABBEABE005F5B4B /* lightBeam.scn */,
				BA710BB72ABBE991005F5B4B /* Assets.xcassets */,
				BA710BB92ABBE991005F5B4B /* LightHouse2.entitlements */,
				BA710BBA2ABBE991005F5B4B /* Preview Content */,
			);
			path = LightHouse2;
			sourceTree = "<group>";
		};
		BA710BBA2ABBE991005F5B4B /* Preview Content */ = {
			isa = PBXGroup;
			children = (
				BA710BBB2ABBE991005F5B4B /* Preview Assets.xcassets */,
			);
			path = "Preview Content";
			sourceTree = "<group>";
		};
/* End PBXGroup section */

/* Begin PBXNativeTarget section */
		BA710BAF2ABBE991005F5B4B /* LightHouse2 */ = {
			isa = PBXNativeTarget;
			buildConfigurationList = BA710BBF2ABBE991005F5B4B /* Build configuration list for PBXNativeTarget "LightHouse2" */;
			buildPhases = (
				BA710BAC2ABBE991005F5B4B /* Sources */,
				BA710BAD2ABBE991005F5B4B /* Frameworks */,
				BA710BAE2ABBE991005F5B4B /* Resources */,
			);
			buildRules = (
			);
			dependencies = (
			);
			name = LightHouse2;
			productName = LightHouse2;
			productReference = BA710BB02ABBE991005F5B4B /* LightHouse2.app */;
			productType = "com.apple.product-type.application";
		};
/* End PBXNativeTarget section */

/* Begin PBXProject section */
		BA710BA82ABBE991005F5B4B /* Project object */ = {
			isa = PBXProject;
			attributes = {
				BuildIndependentTargetsInParallel = 1;
				LastSwiftUpdateCheck = 1500;
				LastUpgradeCheck = 1500;
				TargetAttributes = {
					BA710BAF2ABBE991005F5B4B = {
						CreatedOnToolsVersion = 15.0;
					};
				};
			};
			buildConfigurationList = BA710BAB2ABBE991005F5B4B /* Build configuration list for PBXProject "LightHouse2" */;
			compatibilityVersion = "Xcode 14.0";
			developmentRegion = en;
			hasScannedForEncodings = 0;
			knownRegions = (
				en,
				Base,
			);
			mainGroup = BA710BA72ABBE991005F5B4B;
			productRefGroup = BA710BB12ABBE991005F5B4B /* Products */;
			projectDirPath = "";
			projectRoot = "";
			targets = (
				BA710BAF2ABBE991005F5B4B /* LightHouse2 */,
			);
		};
/* End PBXProject section */

/* Begin PBXResourcesBuildPhase section */
		BA710BAE2ABBE991005F5B4B /* Resources */ = {
			isa = PBXResourcesBuildPhase;
			buildActionMask = 2147483647;
			files = (
				BA710BBC2ABBE991005F5B4B /* Preview Assets.xcassets in Resources */,
				BA710BB82ABBE991005F5B4B /* Assets.xcassets in Resources */,
				BA710BC32ABBEABE005F5B4B /* lightBeam.scn in Resources */,
			);
			runOnlyForDeploymentPostprocessing = 0;
		};
/* End PBXResourcesBuildPhase section */

/* Begin PBXSourcesBuildPhase section */
		BA710BAC2ABBE991005F5B4B /* Sources */ = {
			isa = PBXSourcesBuildPhase;
			buildActionMask = 2147483647;
			files = (
				BA710BB62ABBE991005F5B4B /* RotateLightView.swift in Sources */,
				BA10CA152ABBF4A3002B6E2B /* LightHouseView.swift in Sources */,
				BA710BB42ABBE991005F5B4B /* LightHouse2App.swift in Sources */,
				BA10CA172ABBFAB0002B6E2B /* RotateRepresentableView.swift in Sources */,
			);
			runOnlyForDeploymentPostprocessing = 0;
		};
/* End PBXSourcesBuildPhase section */

/* Begin XCBuildConfiguration section */
		BA710BBD2ABBE991005F5B4B /* Debug */ = {
			isa = XCBuildConfiguration;
			buildSettings = {
				ALWAYS_SEARCH_USER_PATHS = NO;
				ASSETCATALOG_COMPILER_GENERATE_SWIFT_ASSET_SYMBOL_EXTENSIONS = YES;
				CLANG_ANALYZER_NONNULL = YES;
				CLANG_ANALYZER_NUMBER_OBJECT_CONVERSION = YES_AGGRESSIVE;
				CLANG_CXX_LANGUAGE_STANDARD = "gnu++20";
				CLANG_ENABLE_MODULES = YES;
				CLANG_ENABLE_OBJC_ARC = YES;
				CLANG_ENABLE_OBJC_WEAK = YES;
				CLANG_WARN_BLOCK_CAPTURE_AUTORELEASING = YES;
				CLANG_WARN_BOOL_CONVERSION = YES;
				CLANG_WARN_COMMA = YES;
				CLANG_WARN_CONSTANT_CONVERSION = YES;
				CLANG_WARN_DEPRECATED_OBJC_IMPLEMENTATIONS = YES;
				CLANG_WARN_DIRECT_OBJC_ISA_USAGE = YES_ERROR;
				CLANG_WARN_DOCUMENTATION_COMMENTS = YES;
				CLANG_WARN_EMPTY_BODY = YES;
				CLANG_WARN_ENUM_CONVERSION = YES;
				CLANG_WARN_INFINITE_RECURSION = YES;
				CLANG_WARN_INT_CONVERSION = YES;
				CLANG_WARN_NON_LITERAL_NULL_CONVERSION = YES;
				CLANG_WARN_OBJC_IMPLICIT_RETAIN_SELF = YES;
				CLANG_WARN_OBJC_LITERAL_CONVERSION = YES;
				CLANG_WARN_OBJC_ROOT_CLASS = YES_ERROR;
				CLANG_WARN_QUOTED_INCLUDE_IN_FRAMEWORK_HEADER = YES;
				CLANG_WARN_RANGE_LOOP_ANALYSIS = YES;
				CLANG_WARN_STRICT_PROTOTYPES = YES;
				CLANG_WARN_SUSPICIOUS_MOVE = YES;
				CLANG_WARN_UNGUARDED_AVAILABILITY = YES_AGGRESSIVE;
				CLANG_WARN_UNREACHABLE_CODE = YES;
				CLANG_WARN__DUPLICATE_METHOD_MATCH = YES;
				COPY_PHASE_STRIP = NO;
				DEBUG_INFORMATION_FORMAT = dwarf;
				ENABLE_STRICT_OBJC_MSGSEND = YES;
				ENABLE_TESTABILITY = YES;
				ENABLE_USER_SCRIPT_SANDBOXING = YES;
				GCC_C_LANGUAGE_STANDARD = gnu17;
				GCC_DYNAMIC_NO_PIC = NO;
				GCC_NO_COMMON_BLOCKS = YES;
				GCC_OPTIMIZATION_LEVEL = 0;
				GCC_PREPROCESSOR_DEFINITIONS = (
					"DEBUG=1",
					"$(inherited)",
				);
				GCC_WARN_64_TO_32_BIT_CONVERSION = YES;
				GCC_WARN_ABOUT_RETURN_TYPE = YES_ERROR;
				GCC_WARN_UNDECLARED_SELECTOR = YES;
				GCC_WARN_UNINITIALIZED_AUTOS = YES_AGGRESSIVE;
				GCC_WARN_UNUSED_FUNCTION = YES;
				GCC_WARN_UNUSED_VARIABLE = YES;
				LOCALIZATION_PREFERS_STRING_CATALOGS = YES;
				MTL_ENABLE_DEBUG_INFO = INCLUDE_SOURCE;
				MTL_FAST_MATH = YES;
				ONLY_ACTIVE_ARCH = YES;
				SWIFT_ACTIVE_COMPILATION_CONDITIONS = "DEBUG $(inherited)";
				SWIFT_OPTIMIZATION_LEVEL = "-Onone";
			};
			name = Debug;
		};
		BA710BBE2ABBE991005F5B4B /* Release */ = {
			isa = XCBuildConfiguration;
			buildSettings = {
				ALWAYS_SEARCH_USER_PATHS = NO;
				ASSETCATALOG_COMPILER_GENERATE_SWIFT_ASSET_SYMBOL_EXTENSIONS = YES;
				CLANG_ANALYZER_NONNULL = YES;
				CLANG_ANALYZER_NUMBER_OBJECT_CONVERSION = YES_AGGRESSIVE;
				CLANG_CXX_LANGUAGE_STANDARD = "gnu++20";
				CLANG_ENABLE_MODULES = YES;
				CLANG_ENABLE_OBJC_ARC = YES;
				CLANG_ENABLE_OBJC_WEAK = YES;
				CLANG_WARN_BLOCK_CAPTURE_AUTORELEASING = YES;
				CLANG_WARN_BOOL_CONVERSION = YES;
				CLANG_WARN_COMMA = YES;
				CLANG_WARN_CONSTANT_CONVERSION = YES;
				CLANG_WARN_DEPRECATED_OBJC_IMPLEMENTATIONS = YES;
				CLANG_WARN_DIRECT_OBJC_ISA_USAGE = YES_ERROR;
				CLANG_WARN_DOCUMENTATION_COMMENTS = YES;
				CLANG_WARN_EMPTY_BODY = YES;
				CLANG_WARN_ENUM_CONVERSION = YES;
				CLANG_WARN_INFINITE_RECURSION = YES;
				CLANG_WARN_INT_CONVERSION = YES;
				CLANG_WARN_NON_LITERAL_NULL_CONVERSION = YES;
				CLANG_WARN_OBJC_IMPLICIT_RETAIN_SELF = YES;
				CLANG_WARN_OBJC_LITERAL_CONVERSION = YES;
				CLANG_WARN_OBJC_ROOT_CLASS = YES_ERROR;
				CLANG_WARN_QUOTED_INCLUDE_IN_FRAMEWORK_HEADER = YES;
				CLANG_WARN_RANGE_LOOP_ANALYSIS = YES;
				CLANG_WARN_STRICT_PROTOTYPES = YES;
				CLANG_WARN_SUSPICIOUS_MOVE = YES;
				CLANG_WARN_UNGUARDED_AVAILABILITY = YES_AGGRESSIVE;
				CLANG_WARN_UNREACHABLE_CODE = YES;
				CLANG_WARN__DUPLICATE_METHOD_MATCH = YES;
				COPY_PHASE_STRIP = NO;
				DEBUG_INFORMATION_FORMAT = "dwarf-with-dsym";
				ENABLE_NS_ASSERTIONS = NO;
				ENABLE_STRICT_OBJC_MSGSEND = YES;
				ENABLE_USER_SCRIPT_SANDBOXING = YES;
				GCC_C_LANGUAGE_STANDARD = gnu17;
				GCC_NO_COMMON_BLOCKS = YES;
				GCC_WARN_64_TO_32_BIT_CONVERSION = YES;
				GCC_WARN_ABOUT_RETURN_TYPE = YES_ERROR;
				GCC_WARN_UNDECLARED_SELECTOR = YES;
				GCC_WARN_UNINITIALIZED_AUTOS = YES_AGGRESSIVE;
				GCC_WARN_UNUSED_FUNCTION = YES;
				GCC_WARN_UNUSED_VARIABLE = YES;
				LOCALIZATION_PREFERS_STRING_CATALOGS = YES;
				MTL_ENABLE_DEBUG_INFO = NO;
				MTL_FAST_MATH = YES;
				SWIFT_COMPILATION_MODE = wholemodule;
			};
			name = Release;
		};
		BA710BC02ABBE991005F5B4B /* Debug */ = {
			isa = XCBuildConfiguration;
			buildSettings = {
				ASSETCATALOG_COMPILER_APPICON_NAME = AppIcon;
				ASSETCATALOG_COMPILER_GLOBAL_ACCENT_COLOR_NAME = AccentColor;
				CODE_SIGN_ENTITLEMENTS = LightHouse2/LightHouse2.entitlements;
				CODE_SIGN_STYLE = Automatic;
				CURRENT_PROJECT_VERSION = 1;
				DEVELOPMENT_ASSET_PATHS = "\"LightHouse2/Preview Content\"";
				DEVELOPMENT_TEAM = 2KLC5XX3QG;
				ENABLE_HARDENED_RUNTIME = YES;
				ENABLE_PREVIEWS = YES;
				GENERATE_INFOPLIST_FILE = YES;
				"INFOPLIST_KEY_UIApplicationSceneManifest_Generation[sdk=iphoneos*]" = YES;
				"INFOPLIST_KEY_UIApplicationSceneManifest_Generation[sdk=iphonesimulator*]" = YES;
				"INFOPLIST_KEY_UIApplicationSupportsIndirectInputEvents[sdk=iphoneos*]" = YES;
				"INFOPLIST_KEY_UIApplicationSupportsIndirectInputEvents[sdk=iphonesimulator*]" = YES;
				"INFOPLIST_KEY_UILaunchScreen_Generation[sdk=iphoneos*]" = YES;
				"INFOPLIST_KEY_UILaunchScreen_Generation[sdk=iphonesimulator*]" = YES;
				"INFOPLIST_KEY_UIStatusBarStyle[sdk=iphoneos*]" = UIStatusBarStyleDefault;
				"INFOPLIST_KEY_UIStatusBarStyle[sdk=iphonesimulator*]" = UIStatusBarStyleDefault;
				INFOPLIST_KEY_UISupportedInterfaceOrientations_iPad = "UIInterfaceOrientationPortrait UIInterfaceOrientationPortraitUpsideDown UIInterfaceOrientationLandscapeLeft UIInterfaceOrientationLandscapeRight";
				INFOPLIST_KEY_UISupportedInterfaceOrientations_iPhone = "UIInterfaceOrientationPortrait UIInterfaceOrientationLandscapeLeft UIInterfaceOrientationLandscapeRight";
				IPHONEOS_DEPLOYMENT_TARGET = 17.0;
				LD_RUNPATH_SEARCH_PATHS = "@executable_path/Frameworks";
				"LD_RUNPATH_SEARCH_PATHS[sdk=macosx*]" = "@executable_path/../Frameworks";
				MACOSX_DEPLOYMENT_TARGET = 13.5;
				MARKETING_VERSION = 1.0;
				PRODUCT_BUNDLE_IDENTIFIER = Swiftech.LightHouse2;
				PRODUCT_NAME = "$(TARGET_NAME)";
				SDKROOT = auto;
				SUPPORTED_PLATFORMS = "iphoneos iphonesimulator macosx";
				SWIFT_EMIT_LOC_STRINGS = YES;
				SWIFT_VERSION = 5.0;
				TARGETED_DEVICE_FAMILY = "1,2";
			};
			name = Debug;
		};
		BA710BC12ABBE991005F5B4B /* Release */ = {
			isa = XCBuildConfiguration;
			buildSettings = {
				ASSETCATALOG_COMPILER_APPICON_NAME = AppIcon;
				ASSETCATALOG_COMPILER_GLOBAL_ACCENT_COLOR_NAME = AccentColor;
				CODE_SIGN_ENTITLEMENTS = LightHouse2/LightHouse2.entitlements;
				CODE_SIGN_STYLE = Automatic;
				CURRENT_PROJECT_VERSION = 1;
				DEVELOPMENT_ASSET_PATHS = "\"LightHouse2/Preview Content\"";
				DEVELOPMENT_TEAM = 2KLC5XX3QG;
				ENABLE_HARDENED_RUNTIME = YES;
				ENABLE_PREVIEWS = YES;
				GENERATE_INFOPLIST_FILE = YES;
				"INFOPLIST_KEY_UIApplicationSceneManifest_Generation[sdk=iphoneos*]" = YES;
				"INFOPLIST_KEY_UIApplicationSceneManifest_Generation[sdk=iphonesimulator*]" = YES;
				"INFOPLIST_KEY_UIApplicationSupportsIndirectInputEvents[sdk=iphoneos*]" = YES;
				"INFOPLIST_KEY_UIApplicationSupportsIndirectInputEvents[sdk=iphonesimulator*]" = YES;
				"INFOPLIST_KEY_UILaunchScreen_Generation[sdk=iphoneos*]" = YES;
				"INFOPLIST_KEY_UILaunchScreen_Generation[sdk=iphonesimulator*]" = YES;
				"INFOPLIST_KEY_UIStatusBarStyle[sdk=iphoneos*]" = UIStatusBarStyleDefault;
				"INFOPLIST_KEY_UIStatusBarStyle[sdk=iphonesimulator*]" = UIStatusBarStyleDefault;
				INFOPLIST_KEY_UISupportedInterfaceOrientations_iPad = "UIInterfaceOrientationPortrait UIInterfaceOrientationPortraitUpsideDown UIInterfaceOrientationLandscapeLeft UIInterfaceOrientationLandscapeRight";
				INFOPLIST_KEY_UISupportedInterfaceOrientations_iPhone = "UIInterfaceOrientationPortrait UIInterfaceOrientationLandscapeLeft UIInterfaceOrientationLandscapeRight";
				IPHONEOS_DEPLOYMENT_TARGET = 17.0;
				LD_RUNPATH_SEARCH_PATHS = "@executable_path/Frameworks";
				"LD_RUNPATH_SEARCH_PATHS[sdk=macosx*]" = "@executable_path/../Frameworks";
				MACOSX_DEPLOYMENT_TARGET = 13.5;
				MARKETING_VERSION = 1.0;
				PRODUCT_BUNDLE_IDENTIFIER = Swiftech.LightHouse2;
				PRODUCT_NAME = "$(TARGET_NAME)";
				SDKROOT = auto;
				SUPPORTED_PLATFORMS = "iphoneos iphonesimulator macosx";
				SWIFT_EMIT_LOC_STRINGS = YES;
				SWIFT_VERSION = 5.0;
				TARGETED_DEVICE_FAMILY = "1,2";
			};
			name = Release;
		};
/* End XCBuildConfiguration section */

/* Begin XCConfigurationList section */
		BA710BAB2ABBE991005F5B4B /* Build configuration list for PBXProject "LightHouse2" */ = {
			isa = XCConfigurationList;
			buildConfigurations = (
				BA710BBD2ABBE991005F5B4B /* Debug */,
				BA710BBE2ABBE991005F5B4B /* Release */,
			);
			defaultConfigurationIsVisible = 0;
			defaultConfigurationName = Release;
		};
		BA710BBF2ABBE991005F5B4B /* Build configuration list for PBXNativeTarget "LightHouse2" */ = {
			isa = XCConfigurationList;
			buildConfigurations = (
				BA710BC02ABBE991005F5B4B /* Debug */,
				BA710BC12ABBE991005F5B4B /* Release */,
			);
			defaultConfigurationIsVisible = 0;
			defaultConfigurationName = Release;
		};
/* End XCConfigurationList section */
	};
	rootObject = BA710BA82ABBE991005F5B4B /* Project object */;
}
