// !$*UTF8*$!
{
	archiveVersion = 1;
	classes = {
	};
	objectVersion = 56;
	objects = {

/* Begin PBXBuildFile section */
		BA2731BA2AEB051100C71CF4 /* BatteryFillApp.swift in Sources */ = {isa = PBXBuildFile; fileRef = BA2731B92AEB051100C71CF4 /* BatteryFillApp.swift */; };
		BA2731BC2AEB051100C71CF4 /* BatteryAnimation.swift in Sources */ = {isa = PBXBuildFile; fileRef = BA2731BB2AEB051100C71CF4 /* BatteryAnimation.swift */; };
		BA2731BE2AEB051200C71CF4 /* Assets.xcassets in Resources */ = {isa = PBXBuildFile; fileRef = BA2731BD2AEB051200C71CF4 /* Assets.xcassets */; };
		BA2731C22AEB051200C71CF4 /* Preview Assets.xcassets in Resources */ = {isa = PBXBuildFile; fileRef = BA2731C12AEB051200C71CF4 /* Preview Assets.xcassets */; };
		BA2731CB2AEB1EA000C71CF4 /* SpriteContainerView.swift in Sources */ = {isa = PBXBuildFile; fileRef = BA2731C82AEB1EA000C71CF4 /* SpriteContainerView.swift */; };
		BA2731CC2AEB1EA000C71CF4 /* ParticleScene.swift in Sources */ = {isa = PBXBuildFile; fileRef = BA2731C92AEB1EA000C71CF4 /* ParticleScene.swift */; };
		BA2731CD2AEB1EA000C71CF4 /* ParticleView.swift in Sources */ = {isa = PBXBuildFile; fileRef = BA2731CA2AEB1EA000C71CF4 /* ParticleView.swift */; };
		BA2731CF2AEB1EEB00C71CF4 /* Spark.sks in Resources */ = {isa = PBXBuildFile; fileRef = BA2731CE2AEB1EEB00C71CF4 /* Spark.sks */; };
/* End PBXBuildFile section */

/* Begin PBXFileReference section */
		BA2731B62AEB051100C71CF4 /* BatteryFill.app */ = {isa = PBXFileReference; explicitFileType = wrapper.application; includeInIndex = 0; path = BatteryFill.app; sourceTree = BUILT_PRODUCTS_DIR; };
		BA2731B92AEB051100C71CF4 /* BatteryFillApp.swift */ = {isa = PBXFileReference; lastKnownFileType = sourcecode.swift; path = BatteryFillApp.swift; sourceTree = "<group>"; };
		BA2731BB2AEB051100C71CF4 /* BatteryAnimation.swift */ = {isa = PBXFileReference; lastKnownFileType = sourcecode.swift; path = BatteryAnimation.swift; sourceTree = "<group>"; };
		BA2731BD2AEB051200C71CF4 /* Assets.xcassets */ = {isa = PBXFileReference; lastKnownFileType = folder.assetcatalog; path = Assets.xcassets; sourceTree = "<group>"; };
		BA2731BF2AEB051200C71CF4 /* BatteryFill.entitlements */ = {isa = PBXFileReference; lastKnownFileType = text.plist.entitlements; path = BatteryFill.entitlements; sourceTree = "<group>"; };
		BA2731C12AEB051200C71CF4 /* Preview Assets.xcassets */ = {isa = PBXFileReference; lastKnownFileType = folder.assetcatalog; path = "Preview Assets.xcassets"; sourceTree = "<group>"; };
		BA2731C82AEB1EA000C71CF4 /* SpriteContainerView.swift */ = {isa = PBXFileReference; fileEncoding = 4; lastKnownFileType = sourcecode.swift; path = SpriteContainerView.swift; sourceTree = "<group>"; };
		BA2731C92AEB1EA000C71CF4 /* ParticleScene.swift */ = {isa = PBXFileReference; fileEncoding = 4; lastKnownFileType = sourcecode.swift; path = ParticleScene.swift; sourceTree = "<group>"; };
		BA2731CA2AEB1EA000C71CF4 /* ParticleView.swift */ = {isa = PBXFileReference; fileEncoding = 4; lastKnownFileType = sourcecode.swift; path = ParticleView.swift; sourceTree = "<group>"; };
		BA2731CE2AEB1EEB00C71CF4 /* Spark.sks */ = {isa = PBXFileReference; lastKnownFileType = file.sks; path = Spark.sks; sourceTree = "<group>"; };
/* End PBXFileReference section */

/* Begin PBXFrameworksBuildPhase section */
		BA2731B32AEB051100C71CF4 /* Frameworks */ = {
			isa = PBXFrameworksBuildPhase;
			buildActionMask = 2147483647;
			files = (
			);
			runOnlyForDeploymentPostprocessing = 0;
		};
/* End PBXFrameworksBuildPhase section */

/* Begin PBXGroup section */
		BA2731AD2AEB051100C71CF4 = {
			isa = PBXGroup;
			children = (
				BA2731B82AEB051100C71CF4 /* BatteryFill */,
				BA2731B72AEB051100C71CF4 /* Products */,
			);
			sourceTree = "<group>";
		};
		BA2731B72AEB051100C71CF4 /* Products */ = {
			isa = PBXGroup;
			children = (
				BA2731B62AEB051100C71CF4 /* BatteryFill.app */,
			);
			name = Products;
			sourceTree = "<group>";
		};
		BA2731B82AEB051100C71CF4 /* BatteryFill */ = {
			isa = PBXGroup;
			children = (
				BA2731B92AEB051100C71CF4 /* BatteryFillApp.swift */,
				BA2731BB2AEB051100C71CF4 /* BatteryAnimation.swift */,
				BA2731C92AEB1EA000C71CF4 /* ParticleScene.swift */,
				BA2731CA2AEB1EA000C71CF4 /* ParticleView.swift */,
				BA2731CE2AEB1EEB00C71CF4 /* Spark.sks */,
				BA2731C82AEB1EA000C71CF4 /* SpriteContainerView.swift */,
				BA2731BD2AEB051200C71CF4 /* Assets.xcassets */,
				BA2731BF2AEB051200C71CF4 /* BatteryFill.entitlements */,
				BA2731C02AEB051200C71CF4 /* Preview Content */,
			);
			path = BatteryFill;
			sourceTree = "<group>";
		};
		BA2731C02AEB051200C71CF4 /* Preview Content */ = {
			isa = PBXGroup;
			children = (
				BA2731C12AEB051200C71CF4 /* Preview Assets.xcassets */,
			);
			path = "Preview Content";
			sourceTree = "<group>";
		};
/* End PBXGroup section */

/* Begin PBXNativeTarget section */
		BA2731B52AEB051100C71CF4 /* BatteryFill */ = {
			isa = PBXNativeTarget;
			buildConfigurationList = BA2731C52AEB051200C71CF4 /* Build configuration list for PBXNativeTarget "BatteryFill" */;
			buildPhases = (
				BA2731B22AEB051100C71CF4 /* Sources */,
				BA2731B32AEB051100C71CF4 /* Frameworks */,
				BA2731B42AEB051100C71CF4 /* Resources */,
			);
			buildRules = (
			);
			dependencies = (
			);
			name = BatteryFill;
			productName = BatteryFill;
			productReference = BA2731B62AEB051100C71CF4 /* BatteryFill.app */;
			productType = "com.apple.product-type.application";
		};
/* End PBXNativeTarget section */

/* Begin PBXProject section */
		BA2731AE2AEB051100C71CF4 /* Project object */ = {
			isa = PBXProject;
			attributes = {
				BuildIndependentTargetsInParallel = 1;
				LastSwiftUpdateCheck = 1500;
				LastUpgradeCheck = 1500;
				TargetAttributes = {
					BA2731B52AEB051100C71CF4 = {
						CreatedOnToolsVersion = 15.0;
					};
				};
			};
			buildConfigurationList = BA2731B12AEB051100C71CF4 /* Build configuration list for PBXProject "BatteryFill" */;
			compatibilityVersion = "Xcode 14.0";
			developmentRegion = en;
			hasScannedForEncodings = 0;
			knownRegions = (
				en,
				Base,
			);
			mainGroup = BA2731AD2AEB051100C71CF4;
			productRefGroup = BA2731B72AEB051100C71CF4 /* Products */;
			projectDirPath = "";
			projectRoot = "";
			targets = (
				BA2731B52AEB051100C71CF4 /* BatteryFill */,
			);
		};
/* End PBXProject section */

/* Begin PBXResourcesBuildPhase section */
		BA2731B42AEB051100C71CF4 /* Resources */ = {
			isa = PBXResourcesBuildPhase;
			buildActionMask = 2147483647;
			files = (
				BA2731C22AEB051200C71CF4 /* Preview Assets.xcassets in Resources */,
				BA2731BE2AEB051200C71CF4 /* Assets.xcassets in Resources */,
				BA2731CF2AEB1EEB00C71CF4 /* Spark.sks in Resources */,
			);
			runOnlyForDeploymentPostprocessing = 0;
		};
/* End PBXResourcesBuildPhase section */

/* Begin PBXSourcesBuildPhase section */
		BA2731B22AEB051100C71CF4 /* Sources */ = {
			isa = PBXSourcesBuildPhase;
			buildActionMask = 2147483647;
			files = (
				BA2731CC2AEB1EA000C71CF4 /* ParticleScene.swift in Sources */,
				BA2731BC2AEB051100C71CF4 /* BatteryAnimation.swift in Sources */,
				BA2731CB2AEB1EA000C71CF4 /* SpriteContainerView.swift in Sources */,
				BA2731CD2AEB1EA000C71CF4 /* ParticleView.swift in Sources */,
				BA2731BA2AEB051100C71CF4 /* BatteryFillApp.swift in Sources */,
			);
			runOnlyForDeploymentPostprocessing = 0;
		};
/* End PBXSourcesBuildPhase section */

/* Begin XCBuildConfiguration section */
		BA2731C32AEB051200C71CF4 /* Debug */ = {
			isa = XCBuildConfiguration;
			buildSettings = {
				ALWAYS_SEARCH_USER_PATHS = NO;
				ASSETCATALOG_COMPILER_GENERATE_SWIFT_ASSET_SYMBOL_EXTENSIONS = YES;
				CLANG_ANALYZER_NONNULL = YES;
				CLANG_ANALYZER_NUMBER_OBJECT_CONVERSION = YES_AGGRESSIVE;
				CLANG_CXX_LANGUAGE_STANDARD = "gnu++20";
				CLANG_ENABLE_MODULES = YES;
				CLANG_ENABLE_OBJC_ARC = YES;
				CLANG_ENABLE_OBJC_WEAK = YES;
				CLANG_WARN_BLOCK_CAPTURE_AUTORELEASING = YES;
				CLANG_WARN_BOOL_CONVERSION = YES;
				CLANG_WARN_COMMA = YES;
				CLANG_WARN_CONSTANT_CONVERSION = YES;
				CLANG_WARN_DEPRECATED_OBJC_IMPLEMENTATIONS = YES;
				CLANG_WARN_DIRECT_OBJC_ISA_USAGE = YES_ERROR;
				CLANG_WARN_DOCUMENTATION_COMMENTS = YES;
				CLANG_WARN_EMPTY_BODY = YES;
				CLANG_WARN_ENUM_CONVERSION = YES;
				CLANG_WARN_INFINITE_RECURSION = YES;
				CLANG_WARN_INT_CONVERSION = YES;
				CLANG_WARN_NON_LITERAL_NULL_CONVERSION = YES;
				CLANG_WARN_OBJC_IMPLICIT_RETAIN_SELF = YES;
				CLANG_WARN_OBJC_LITERAL_CONVERSION = YES;
				CLANG_WARN_OBJC_ROOT_CLASS = YES_ERROR;
				CLANG_WARN_QUOTED_INCLUDE_IN_FRAMEWORK_HEADER = YES;
				CLANG_WARN_RANGE_LOOP_ANALYSIS = YES;
				CLANG_WARN_STRICT_PROTOTYPES = YES;
				CLANG_WARN_SUSPICIOUS_MOVE = YES;
				CLANG_WARN_UNGUARDED_AVAILABILITY = YES_AGGRESSIVE;
				CLANG_WARN_UNREACHABLE_CODE = YES;
				CLANG_WARN__DUPLICATE_METHOD_MATCH = YES;
				COPY_PHASE_STRIP = NO;
				DEBUG_INFORMATION_FORMAT = dwarf;
				ENABLE_STRICT_OBJC_MSGSEND = YES;
				ENABLE_TESTABILITY = YES;
				ENABLE_USER_SCRIPT_SANDBOXING = YES;
				GCC_C_LANGUAGE_STANDARD = gnu17;
				GCC_DYNAMIC_NO_PIC = NO;
				GCC_NO_COMMON_BLOCKS = YES;
				GCC_OPTIMIZATION_LEVEL = 0;
				GCC_PREPROCESSOR_DEFINITIONS = (
					"DEBUG=1",
					"$(inherited)",
				);
				GCC_WARN_64_TO_32_BIT_CONVERSION = YES;
				GCC_WARN_ABOUT_RETURN_TYPE = YES_ERROR;
				GCC_WARN_UNDECLARED_SELECTOR = YES;
				GCC_WARN_UNINITIALIZED_AUTOS = YES_AGGRESSIVE;
				GCC_WARN_UNUSED_FUNCTION = YES;
				GCC_WARN_UNUSED_VARIABLE = YES;
				LOCALIZATION_PREFERS_STRING_CATALOGS = YES;
				MTL_ENABLE_DEBUG_INFO = INCLUDE_SOURCE;
				MTL_FAST_MATH = YES;
				ONLY_ACTIVE_ARCH = YES;
				SWIFT_ACTIVE_COMPILATION_CONDITIONS = "DEBUG $(inherited)";
				SWIFT_OPTIMIZATION_LEVEL = "-Onone";
			};
			name = Debug;
		};
		BA2731C42AEB051200C71CF4 /* Release */ = {
			isa = XCBuildConfiguration;
			buildSettings = {
				ALWAYS_SEARCH_USER_PATHS = NO;
				ASSETCATALOG_COMPILER_GENERATE_SWIFT_ASSET_SYMBOL_EXTENSIONS = YES;
				CLANG_ANALYZER_NONNULL = YES;
				CLANG_ANALYZER_NUMBER_OBJECT_CONVERSION = YES_AGGRESSIVE;
				CLANG_CXX_LANGUAGE_STANDARD = "gnu++20";
				CLANG_ENABLE_MODULES = YES;
				CLANG_ENABLE_OBJC_ARC = YES;
				CLANG_ENABLE_OBJC_WEAK = YES;
				CLANG_WARN_BLOCK_CAPTURE_AUTORELEASING = YES;
				CLANG_WARN_BOOL_CONVERSION = YES;
				CLANG_WARN_COMMA = YES;
				CLANG_WARN_CONSTANT_CONVERSION = YES;
				CLANG_WARN_DEPRECATED_OBJC_IMPLEMENTATIONS = YES;
				CLANG_WARN_DIRECT_OBJC_ISA_USAGE = YES_ERROR;
				CLANG_WARN_DOCUMENTATION_COMMENTS = YES;
				CLANG_WARN_EMPTY_BODY = YES;
				CLANG_WARN_ENUM_CONVERSION = YES;
				CLANG_WARN_INFINITE_RECURSION = YES;
				CLANG_WARN_INT_CONVERSION = YES;
				CLANG_WARN_NON_LITERAL_NULL_CONVERSION = YES;
				CLANG_WARN_OBJC_IMPLICIT_RETAIN_SELF = YES;
				CLANG_WARN_OBJC_LITERAL_CONVERSION = YES;
				CLANG_WARN_OBJC_ROOT_CLASS = YES_ERROR;
				CLANG_WARN_QUOTED_INCLUDE_IN_FRAMEWORK_HEADER = YES;
				CLANG_WARN_RANGE_LOOP_ANALYSIS = YES;
				CLANG_WARN_STRICT_PROTOTYPES = YES;
				CLANG_WARN_SUSPICIOUS_MOVE = YES;
				CLANG_WARN_UNGUARDED_AVAILABILITY = YES_AGGRESSIVE;
				CLANG_WARN_UNREACHABLE_CODE = YES;
				CLANG_WARN__DUPLICATE_METHOD_MATCH = YES;
				COPY_PHASE_STRIP = NO;
				DEBUG_INFORMATION_FORMAT = "dwarf-with-dsym";
				ENABLE_NS_ASSERTIONS = NO;
				ENABLE_STRICT_OBJC_MSGSEND = YES;
				ENABLE_USER_SCRIPT_SANDBOXING = YES;
				GCC_C_LANGUAGE_STANDARD = gnu17;
				GCC_NO_COMMON_BLOCKS = YES;
				GCC_WARN_64_TO_32_BIT_CONVERSION = YES;
				GCC_WARN_ABOUT_RETURN_TYPE = YES_ERROR;
				GCC_WARN_UNDECLARED_SELECTOR = YES;
				GCC_WARN_UNINITIALIZED_AUTOS = YES_AGGRESSIVE;
				GCC_WARN_UNUSED_FUNCTION = YES;
				GCC_WARN_UNUSED_VARIABLE = YES;
				LOCALIZATION_PREFERS_STRING_CATALOGS = YES;
				MTL_ENABLE_DEBUG_INFO = NO;
				MTL_FAST_MATH = YES;
				SWIFT_COMPILATION_MODE = wholemodule;
			};
			name = Release;
		};
		BA2731C62AEB051200C71CF4 /* Debug */ = {
			isa = XCBuildConfiguration;
			buildSettings = {
				ASSETCATALOG_COMPILER_APPICON_NAME = AppIcon;
				ASSETCATALOG_COMPILER_GLOBAL_ACCENT_COLOR_NAME = AccentColor;
				CODE_SIGN_ENTITLEMENTS = BatteryFill/BatteryFill.entitlements;
				CODE_SIGN_STYLE = Automatic;
				CURRENT_PROJECT_VERSION = 1;
				DEVELOPMENT_ASSET_PATHS = "\"BatteryFill/Preview Content\"";
				DEVELOPMENT_TEAM = 2KLC5XX3QG;
				ENABLE_HARDENED_RUNTIME = YES;
				ENABLE_PREVIEWS = YES;
				GENERATE_INFOPLIST_FILE = YES;
				"INFOPLIST_KEY_UIApplicationSceneManifest_Generation[sdk=iphoneos*]" = YES;
				"INFOPLIST_KEY_UIApplicationSceneManifest_Generation[sdk=iphonesimulator*]" = YES;
				"INFOPLIST_KEY_UIApplicationSupportsIndirectInputEvents[sdk=iphoneos*]" = YES;
				"INFOPLIST_KEY_UIApplicationSupportsIndirectInputEvents[sdk=iphonesimulator*]" = YES;
				"INFOPLIST_KEY_UILaunchScreen_Generation[sdk=iphoneos*]" = YES;
				"INFOPLIST_KEY_UILaunchScreen_Generation[sdk=iphonesimulator*]" = YES;
				"INFOPLIST_KEY_UIStatusBarStyle[sdk=iphoneos*]" = UIStatusBarStyleDefault;
				"INFOPLIST_KEY_UIStatusBarStyle[sdk=iphonesimulator*]" = UIStatusBarStyleDefault;
				INFOPLIST_KEY_UISupportedInterfaceOrientations_iPad = "UIInterfaceOrientationPortrait UIInterfaceOrientationPortraitUpsideDown UIInterfaceOrientationLandscapeLeft UIInterfaceOrientationLandscapeRight";
				INFOPLIST_KEY_UISupportedInterfaceOrientations_iPhone = "UIInterfaceOrientationPortrait UIInterfaceOrientationLandscapeLeft UIInterfaceOrientationLandscapeRight";
				IPHONEOS_DEPLOYMENT_TARGET = 17.0;
				LD_RUNPATH_SEARCH_PATHS = "@executable_path/Frameworks";
				"LD_RUNPATH_SEARCH_PATHS[sdk=macosx*]" = "@executable_path/../Frameworks";
				MACOSX_DEPLOYMENT_TARGET = 13.5;
				MARKETING_VERSION = 1.0;
				PRODUCT_BUNDLE_IDENTIFIER = Swiftech.BatteryFill;
				PRODUCT_NAME = "$(TARGET_NAME)";
				SDKROOT = auto;
				SUPPORTED_PLATFORMS = "iphoneos iphonesimulator macosx";
				SWIFT_EMIT_LOC_STRINGS = YES;
				SWIFT_VERSION = 5.0;
				TARGETED_DEVICE_FAMILY = "1,2";
			};
			name = Debug;
		};
		BA2731C72AEB051200C71CF4 /* Release */ = {
			isa = XCBuildConfiguration;
			buildSettings = {
				ASSETCATALOG_COMPILER_APPICON_NAME = AppIcon;
				ASSETCATALOG_COMPILER_GLOBAL_ACCENT_COLOR_NAME = AccentColor;
				CODE_SIGN_ENTITLEMENTS = BatteryFill/BatteryFill.entitlements;
				CODE_SIGN_STYLE = Automatic;
				CURRENT_PROJECT_VERSION = 1;
				DEVELOPMENT_ASSET_PATHS = "\"BatteryFill/Preview Content\"";
				DEVELOPMENT_TEAM = 2KLC5XX3QG;
				ENABLE_HARDENED_RUNTIME = YES;
				ENABLE_PREVIEWS = YES;
				GENERATE_INFOPLIST_FILE = YES;
				"INFOPLIST_KEY_UIApplicationSceneManifest_Generation[sdk=iphoneos*]" = YES;
				"INFOPLIST_KEY_UIApplicationSceneManifest_Generation[sdk=iphonesimulator*]" = YES;
				"INFOPLIST_KEY_UIApplicationSupportsIndirectInputEvents[sdk=iphoneos*]" = YES;
				"INFOPLIST_KEY_UIApplicationSupportsIndirectInputEvents[sdk=iphonesimulator*]" = YES;
				"INFOPLIST_KEY_UILaunchScreen_Generation[sdk=iphoneos*]" = YES;
				"INFOPLIST_KEY_UILaunchScreen_Generation[sdk=iphonesimulator*]" = YES;
				"INFOPLIST_KEY_UIStatusBarStyle[sdk=iphoneos*]" = UIStatusBarStyleDefault;
				"INFOPLIST_KEY_UIStatusBarStyle[sdk=iphonesimulator*]" = UIStatusBarStyleDefault;
				INFOPLIST_KEY_UISupportedInterfaceOrientations_iPad = "UIInterfaceOrientationPortrait UIInterfaceOrientationPortraitUpsideDown UIInterfaceOrientationLandscapeLeft UIInterfaceOrientationLandscapeRight";
				INFOPLIST_KEY_UISupportedInterfaceOrientations_iPhone = "UIInterfaceOrientationPortrait UIInterfaceOrientationLandscapeLeft UIInterfaceOrientationLandscapeRight";
				IPHONEOS_DEPLOYMENT_TARGET = 17.0;
				LD_RUNPATH_SEARCH_PATHS = "@executable_path/Frameworks";
				"LD_RUNPATH_SEARCH_PATHS[sdk=macosx*]" = "@executable_path/../Frameworks";
				MACOSX_DEPLOYMENT_TARGET = 13.5;
				MARKETING_VERSION = 1.0;
				PRODUCT_BUNDLE_IDENTIFIER = Swiftech.BatteryFill;
				PRODUCT_NAME = "$(TARGET_NAME)";
				SDKROOT = auto;
				SUPPORTED_PLATFORMS = "iphoneos iphonesimulator macosx";
				SWIFT_EMIT_LOC_STRINGS = YES;
				SWIFT_VERSION = 5.0;
				TARGETED_DEVICE_FAMILY = "1,2";
			};
			name = Release;
		};
/* End XCBuildConfiguration section */

/* Begin XCConfigurationList section */
		BA2731B12AEB051100C71CF4 /* Build configuration list for PBXProject "BatteryFill" */ = {
			isa = XCConfigurationList;
			buildConfigurations = (
				BA2731C32AEB051200C71CF4 /* Debug */,
				BA2731C42AEB051200C71CF4 /* Release */,
			);
			defaultConfigurationIsVisible = 0;
			defaultConfigurationName = Release;
		};
		BA2731C52AEB051200C71CF4 /* Build configuration list for PBXNativeTarget "BatteryFill" */ = {
			isa = XCConfigurationList;
			buildConfigurations = (
				BA2731C62AEB051200C71CF4 /* Debug */,
				BA2731C72AEB051200C71CF4 /* Release */,
			);
			defaultConfigurationIsVisible = 0;
			defaultConfigurationName = Release;
		};
/* End XCConfigurationList section */
	};
	rootObject = BA2731AE2AEB051100C71CF4 /* Project object */;
}
