// !$*UTF8*$!
{
	archiveVersion = 1;
	classes = {
	};
	objectVersion = 56;
	objects = {

/* Begin PBXBuildFile section */
		BA21266E2AB5173100B3533D /* FireAndWaterApp.swift in Sources */ = {isa = PBXBuildFile; fileRef = BA21266D2AB5173100B3533D /* FireAndWaterApp.swift */; };
		BA2126702AB5173100B3533D /* HotColdToggle.swift in Sources */ = {isa = PBXBuildFile; fileRef = BA21266F2AB5173100B3533D /* HotColdToggle.swift */; };
		BA2126722AB5173200B3533D /* Assets.xcassets in Resources */ = {isa = PBXBuildFile; fileRef = BA2126712AB5173200B3533D /* Assets.xcassets */; };
		BA2126762AB5173200B3533D /* Preview Assets.xcassets in Resources */ = {isa = PBXBuildFile; fileRef = BA2126752AB5173200B3533D /* Preview Assets.xcassets */; };
		BA2126802AB519F100B3533D /* HotColdView.swift in Sources */ = {isa = PBXBuildFile; fileRef = BA21267F2AB519F100B3533D /* HotColdView.swift */; };
		BA2126822AB5261000B3533D /* RainDrop.swift in Sources */ = {isa = PBXBuildFile; fileRef = BA2126812AB5261000B3533D /* RainDrop.swift */; };
		BA2126862AB5373700B3533D /* Assets.xcassets in Resources */ = {isa = PBXBuildFile; fileRef = BA2126842AB5373700B3533D /* Assets.xcassets */; };
		BA21268A2AB53B1D00B3533D /* Fire.sks in Resources */ = {isa = PBXBuildFile; fileRef = BA2126892AB53B1D00B3533D /* Fire.sks */; };
		BA21268C2AB53B3300B3533D /* Cloud.sks in Resources */ = {isa = PBXBuildFile; fileRef = BA21268B2AB53B3300B3533D /* Cloud.sks */; };
		BA21268E2AB53E9600B3533D /* Rain.sks in Resources */ = {isa = PBXBuildFile; fileRef = BA21268D2AB53E9600B3533D /* Rain.sks */; };
		BA2126902AB5406900B3533D /* ParticleScene.swift in Sources */ = {isa = PBXBuildFile; fileRef = BA21268F2AB5406900B3533D /* ParticleScene.swift */; };
		BA2126922AB5423700B3533D /* SpriteContainerView.swift in Sources */ = {isa = PBXBuildFile; fileRef = BA2126912AB5423700B3533D /* SpriteContainerView.swift */; };
		BA2126942AB542FA00B3533D /* ParticleView.swift in Sources */ = {isa = PBXBuildFile; fileRef = BA2126932AB542FA00B3533D /* ParticleView.swift */; };
		BA2126992AB552FD00B3533D /* Fire2.sks in Resources */ = {isa = PBXBuildFile; fileRef = BA2126982AB552FD00B3533D /* Fire2.sks */; };
/* End PBXBuildFile section */

/* Begin PBXFileReference section */
		BA21266A2AB5173100B3533D /* FireAndWater.app */ = {isa = PBXFileReference; explicitFileType = wrapper.application; includeInIndex = 0; path = FireAndWater.app; sourceTree = BUILT_PRODUCTS_DIR; };
		BA21266D2AB5173100B3533D /* FireAndWaterApp.swift */ = {isa = PBXFileReference; lastKnownFileType = sourcecode.swift; path = FireAndWaterApp.swift; sourceTree = "<group>"; };
		BA21266F2AB5173100B3533D /* HotColdToggle.swift */ = {isa = PBXFileReference; lastKnownFileType = sourcecode.swift; path = HotColdToggle.swift; sourceTree = "<group>"; };
		BA2126712AB5173200B3533D /* Assets.xcassets */ = {isa = PBXFileReference; lastKnownFileType = folder.assetcatalog; path = Assets.xcassets; sourceTree = "<group>"; };
		BA2126732AB5173200B3533D /* FireAndWater.entitlements */ = {isa = PBXFileReference; lastKnownFileType = text.plist.entitlements; path = FireAndWater.entitlements; sourceTree = "<group>"; };
		BA2126752AB5173200B3533D /* Preview Assets.xcassets */ = {isa = PBXFileReference; lastKnownFileType = folder.assetcatalog; path = "Preview Assets.xcassets"; sourceTree = "<group>"; };
		BA21267F2AB519F100B3533D /* HotColdView.swift */ = {isa = PBXFileReference; lastKnownFileType = sourcecode.swift; path = HotColdView.swift; sourceTree = "<group>"; };
		BA2126812AB5261000B3533D /* RainDrop.swift */ = {isa = PBXFileReference; lastKnownFileType = sourcecode.swift; path = RainDrop.swift; sourceTree = "<group>"; };
		BA2126842AB5373700B3533D /* Assets.xcassets */ = {isa = PBXFileReference; lastKnownFileType = folder.assetcatalog; path = Assets.xcassets; sourceTree = "<group>"; };
		BA2126892AB53B1D00B3533D /* Fire.sks */ = {isa = PBXFileReference; lastKnownFileType = file.sks; path = Fire.sks; sourceTree = "<group>"; };
		BA21268B2AB53B3300B3533D /* Cloud.sks */ = {isa = PBXFileReference; lastKnownFileType = file.sks; path = Cloud.sks; sourceTree = "<group>"; };
		BA21268D2AB53E9600B3533D /* Rain.sks */ = {isa = PBXFileReference; lastKnownFileType = file.sks; path = Rain.sks; sourceTree = "<group>"; };
		BA21268F2AB5406900B3533D /* ParticleScene.swift */ = {isa = PBXFileReference; lastKnownFileType = sourcecode.swift; path = ParticleScene.swift; sourceTree = "<group>"; };
		BA2126912AB5423700B3533D /* SpriteContainerView.swift */ = {isa = PBXFileReference; lastKnownFileType = sourcecode.swift; path = SpriteContainerView.swift; sourceTree = "<group>"; };
		BA2126932AB542FA00B3533D /* ParticleView.swift */ = {isa = PBXFileReference; lastKnownFileType = sourcecode.swift; path = ParticleView.swift; sourceTree = "<group>"; };
		BA2126982AB552FD00B3533D /* Fire2.sks */ = {isa = PBXFileReference; lastKnownFileType = file.sks; path = Fire2.sks; sourceTree = "<group>"; };
/* End PBXFileReference section */

/* Begin PBXFrameworksBuildPhase section */
		BA2126672AB5173100B3533D /* Frameworks */ = {
			isa = PBXFrameworksBuildPhase;
			buildActionMask = 2147483647;
			files = (
			);
			runOnlyForDeploymentPostprocessing = 0;
		};
/* End PBXFrameworksBuildPhase section */

/* Begin PBXGroup section */
		BA2126612AB5173100B3533D = {
			isa = PBXGroup;
			children = (
				BA2126892AB53B1D00B3533D /* Fire.sks */,
				BA2126982AB552FD00B3533D /* Fire2.sks */,
				BA21268D2AB53E9600B3533D /* Rain.sks */,
				BA21268B2AB53B3300B3533D /* Cloud.sks */,
				BA2126842AB5373700B3533D /* Assets.xcassets */,
				BA21266C2AB5173100B3533D /* FireAndWater */,
				BA21266B2AB5173100B3533D /* Products */,
			);
			sourceTree = "<group>";
		};
		BA21266B2AB5173100B3533D /* Products */ = {
			isa = PBXGroup;
			children = (
				BA21266A2AB5173100B3533D /* FireAndWater.app */,
			);
			name = Products;
			sourceTree = "<group>";
		};
		BA21266C2AB5173100B3533D /* FireAndWater */ = {
			isa = PBXGroup;
			children = (
				BA21266D2AB5173100B3533D /* FireAndWaterApp.swift */,
				BA21266F2AB5173100B3533D /* HotColdToggle.swift */,
				BA21267F2AB519F100B3533D /* HotColdView.swift */,
				BA2126812AB5261000B3533D /* RainDrop.swift */,
				BA21268F2AB5406900B3533D /* ParticleScene.swift */,
				BA2126912AB5423700B3533D /* SpriteContainerView.swift */,
				BA2126932AB542FA00B3533D /* ParticleView.swift */,
				BA2126712AB5173200B3533D /* Assets.xcassets */,
				BA2126732AB5173200B3533D /* FireAndWater.entitlements */,
				BA2126742AB5173200B3533D /* Preview Content */,
			);
			path = FireAndWater;
			sourceTree = "<group>";
		};
		BA2126742AB5173200B3533D /* Preview Content */ = {
			isa = PBXGroup;
			children = (
				BA2126752AB5173200B3533D /* Preview Assets.xcassets */,
			);
			path = "Preview Content";
			sourceTree = "<group>";
		};
/* End PBXGroup section */

/* Begin PBXNativeTarget section */
		BA2126692AB5173100B3533D /* FireAndWater */ = {
			isa = PBXNativeTarget;
			buildConfigurationList = BA2126792AB5173200B3533D /* Build configuration list for PBXNativeTarget "FireAndWater" */;
			buildPhases = (
				BA2126662AB5173100B3533D /* Sources */,
				BA2126672AB5173100B3533D /* Frameworks */,
				BA2126682AB5173100B3533D /* Resources */,
			);
			buildRules = (
			);
			dependencies = (
			);
			name = FireAndWater;
			packageProductDependencies = (
			);
			productName = FireAndWater;
			productReference = BA21266A2AB5173100B3533D /* FireAndWater.app */;
			productType = "com.apple.product-type.application";
		};
/* End PBXNativeTarget section */

/* Begin PBXProject section */
		BA2126622AB5173100B3533D /* Project object */ = {
			isa = PBXProject;
			attributes = {
				BuildIndependentTargetsInParallel = 1;
				LastSwiftUpdateCheck = 1430;
				LastUpgradeCheck = 1430;
				TargetAttributes = {
					BA2126692AB5173100B3533D = {
						CreatedOnToolsVersion = 14.3;
					};
				};
			};
			buildConfigurationList = BA2126652AB5173100B3533D /* Build configuration list for PBXProject "FireAndWater" */;
			compatibilityVersion = "Xcode 14.0";
			developmentRegion = en;
			hasScannedForEncodings = 0;
			knownRegions = (
				en,
				Base,
			);
			mainGroup = BA2126612AB5173100B3533D;
			packageReferences = (
			);
			productRefGroup = BA21266B2AB5173100B3533D /* Products */;
			projectDirPath = "";
			projectRoot = "";
			targets = (
				BA2126692AB5173100B3533D /* FireAndWater */,
			);
		};
/* End PBXProject section */

/* Begin PBXResourcesBuildPhase section */
		BA2126682AB5173100B3533D /* Resources */ = {
			isa = PBXResourcesBuildPhase;
			buildActionMask = 2147483647;
			files = (
				BA2126762AB5173200B3533D /* Preview Assets.xcassets in Resources */,
				BA21268C2AB53B3300B3533D /* Cloud.sks in Resources */,
				BA2126722AB5173200B3533D /* Assets.xcassets in Resources */,
				BA21268E2AB53E9600B3533D /* Rain.sks in Resources */,
				BA2126992AB552FD00B3533D /* Fire2.sks in Resources */,
				BA2126862AB5373700B3533D /* Assets.xcassets in Resources */,
				BA21268A2AB53B1D00B3533D /* Fire.sks in Resources */,
			);
			runOnlyForDeploymentPostprocessing = 0;
		};
/* End PBXResourcesBuildPhase section */

/* Begin PBXSourcesBuildPhase section */
		BA2126662AB5173100B3533D /* Sources */ = {
			isa = PBXSourcesBuildPhase;
			buildActionMask = 2147483647;
			files = (
				BA2126822AB5261000B3533D /* RainDrop.swift in Sources */,
				BA2126922AB5423700B3533D /* SpriteContainerView.swift in Sources */,
				BA2126802AB519F100B3533D /* HotColdView.swift in Sources */,
				BA2126702AB5173100B3533D /* HotColdToggle.swift in Sources */,
				BA21266E2AB5173100B3533D /* FireAndWaterApp.swift in Sources */,
				BA2126902AB5406900B3533D /* ParticleScene.swift in Sources */,
				BA2126942AB542FA00B3533D /* ParticleView.swift in Sources */,
			);
			runOnlyForDeploymentPostprocessing = 0;
		};
/* End PBXSourcesBuildPhase section */

/* Begin XCBuildConfiguration section */
		BA2126772AB5173200B3533D /* Debug */ = {
			isa = XCBuildConfiguration;
			buildSettings = {
				ALWAYS_SEARCH_USER_PATHS = NO;
				CLANG_ANALYZER_NONNULL = YES;
				CLANG_ANALYZER_NUMBER_OBJECT_CONVERSION = YES_AGGRESSIVE;
				CLANG_CXX_LANGUAGE_STANDARD = "gnu++20";
				CLANG_ENABLE_MODULES = YES;
				CLANG_ENABLE_OBJC_ARC = YES;
				CLANG_ENABLE_OBJC_WEAK = YES;
				CLANG_WARN_BLOCK_CAPTURE_AUTORELEASING = YES;
				CLANG_WARN_BOOL_CONVERSION = YES;
				CLANG_WARN_COMMA = YES;
				CLANG_WARN_CONSTANT_CONVERSION = YES;
				CLANG_WARN_DEPRECATED_OBJC_IMPLEMENTATIONS = YES;
				CLANG_WARN_DIRECT_OBJC_ISA_USAGE = YES_ERROR;
				CLANG_WARN_DOCUMENTATION_COMMENTS = YES;
				CLANG_WARN_EMPTY_BODY = YES;
				CLANG_WARN_ENUM_CONVERSION = YES;
				CLANG_WARN_INFINITE_RECURSION = YES;
				CLANG_WARN_INT_CONVERSION = YES;
				CLANG_WARN_NON_LITERAL_NULL_CONVERSION = YES;
				CLANG_WARN_OBJC_IMPLICIT_RETAIN_SELF = YES;
				CLANG_WARN_OBJC_LITERAL_CONVERSION = YES;
				CLANG_WARN_OBJC_ROOT_CLASS = YES_ERROR;
				CLANG_WARN_QUOTED_INCLUDE_IN_FRAMEWORK_HEADER = YES;
				CLANG_WARN_RANGE_LOOP_ANALYSIS = YES;
				CLANG_WARN_STRICT_PROTOTYPES = YES;
				CLANG_WARN_SUSPICIOUS_MOVE = YES;
				CLANG_WARN_UNGUARDED_AVAILABILITY = YES_AGGRESSIVE;
				CLANG_WARN_UNREACHABLE_CODE = YES;
				CLANG_WARN__DUPLICATE_METHOD_MATCH = YES;
				COPY_PHASE_STRIP = NO;
				DEBUG_INFORMATION_FORMAT = dwarf;
				ENABLE_STRICT_OBJC_MSGSEND = YES;
				ENABLE_TESTABILITY = YES;
				GCC_C_LANGUAGE_STANDARD = gnu11;
				GCC_DYNAMIC_NO_PIC = NO;
				GCC_NO_COMMON_BLOCKS = YES;
				GCC_OPTIMIZATION_LEVEL = 0;
				GCC_PREPROCESSOR_DEFINITIONS = (
					"DEBUG=1",
					"$(inherited)",
				);
				GCC_WARN_64_TO_32_BIT_CONVERSION = YES;
				GCC_WARN_ABOUT_RETURN_TYPE = YES_ERROR;
				GCC_WARN_UNDECLARED_SELECTOR = YES;
				GCC_WARN_UNINITIALIZED_AUTOS = YES_AGGRESSIVE;
				GCC_WARN_UNUSED_FUNCTION = YES;
				GCC_WARN_UNUSED_VARIABLE = YES;
				MTL_ENABLE_DEBUG_INFO = INCLUDE_SOURCE;
				MTL_FAST_MATH = YES;
				ONLY_ACTIVE_ARCH = YES;
				SWIFT_ACTIVE_COMPILATION_CONDITIONS = DEBUG;
				SWIFT_OPTIMIZATION_LEVEL = "-Onone";
			};
			name = Debug;
		};
		BA2126782AB5173200B3533D /* Release */ = {
			isa = XCBuildConfiguration;
			buildSettings = {
				ALWAYS_SEARCH_USER_PATHS = NO;
				CLANG_ANALYZER_NONNULL = YES;
				CLANG_ANALYZER_NUMBER_OBJECT_CONVERSION = YES_AGGRESSIVE;
				CLANG_CXX_LANGUAGE_STANDARD = "gnu++20";
				CLANG_ENABLE_MODULES = YES;
				CLANG_ENABLE_OBJC_ARC = YES;
				CLANG_ENABLE_OBJC_WEAK = YES;
				CLANG_WARN_BLOCK_CAPTURE_AUTORELEASING = YES;
				CLANG_WARN_BOOL_CONVERSION = YES;
				CLANG_WARN_COMMA = YES;
				CLANG_WARN_CONSTANT_CONVERSION = YES;
				CLANG_WARN_DEPRECATED_OBJC_IMPLEMENTATIONS = YES;
				CLANG_WARN_DIRECT_OBJC_ISA_USAGE = YES_ERROR;
				CLANG_WARN_DOCUMENTATION_COMMENTS = YES;
				CLANG_WARN_EMPTY_BODY = YES;
				CLANG_WARN_ENUM_CONVERSION = YES;
				CLANG_WARN_INFINITE_RECURSION = YES;
				CLANG_WARN_INT_CONVERSION = YES;
				CLANG_WARN_NON_LITERAL_NULL_CONVERSION = YES;
				CLANG_WARN_OBJC_IMPLICIT_RETAIN_SELF = YES;
				CLANG_WARN_OBJC_LITERAL_CONVERSION = YES;
				CLANG_WARN_OBJC_ROOT_CLASS = YES_ERROR;
				CLANG_WARN_QUOTED_INCLUDE_IN_FRAMEWORK_HEADER = YES;
				CLANG_WARN_RANGE_LOOP_ANALYSIS = YES;
				CLANG_WARN_STRICT_PROTOTYPES = YES;
				CLANG_WARN_SUSPICIOUS_MOVE = YES;
				CLANG_WARN_UNGUARDED_AVAILABILITY = YES_AGGRESSIVE;
				CLANG_WARN_UNREACHABLE_CODE = YES;
				CLANG_WARN__DUPLICATE_METHOD_MATCH = YES;
				COPY_PHASE_STRIP = NO;
				DEBUG_INFORMATION_FORMAT = "dwarf-with-dsym";
				ENABLE_NS_ASSERTIONS = NO;
				ENABLE_STRICT_OBJC_MSGSEND = YES;
				GCC_C_LANGUAGE_STANDARD = gnu11;
				GCC_NO_COMMON_BLOCKS = YES;
				GCC_WARN_64_TO_32_BIT_CONVERSION = YES;
				GCC_WARN_ABOUT_RETURN_TYPE = YES_ERROR;
				GCC_WARN_UNDECLARED_SELECTOR = YES;
				GCC_WARN_UNINITIALIZED_AUTOS = YES_AGGRESSIVE;
				GCC_WARN_UNUSED_FUNCTION = YES;
				GCC_WARN_UNUSED_VARIABLE = YES;
				MTL_ENABLE_DEBUG_INFO = NO;
				MTL_FAST_MATH = YES;
				SWIFT_COMPILATION_MODE = wholemodule;
				SWIFT_OPTIMIZATION_LEVEL = "-O";
			};
			name = Release;
		};
		BA21267A2AB5173200B3533D /* Debug */ = {
			isa = XCBuildConfiguration;
			buildSettings = {
				ASSETCATALOG_COMPILER_APPICON_NAME = AppIcon;
				ASSETCATALOG_COMPILER_GLOBAL_ACCENT_COLOR_NAME = AccentColor;
				CODE_SIGN_ENTITLEMENTS = FireAndWater/FireAndWater.entitlements;
				CODE_SIGN_STYLE = Automatic;
				CURRENT_PROJECT_VERSION = 1;
				DEVELOPMENT_ASSET_PATHS = "\"FireAndWater/Preview Content\"";
				DEVELOPMENT_TEAM = 2KLC5XX3QG;
				ENABLE_HARDENED_RUNTIME = YES;
				ENABLE_PREVIEWS = YES;
				GENERATE_INFOPLIST_FILE = YES;
				"INFOPLIST_KEY_UIApplicationSceneManifest_Generation[sdk=iphoneos*]" = YES;
				"INFOPLIST_KEY_UIApplicationSceneManifest_Generation[sdk=iphonesimulator*]" = YES;
				"INFOPLIST_KEY_UIApplicationSupportsIndirectInputEvents[sdk=iphoneos*]" = YES;
				"INFOPLIST_KEY_UIApplicationSupportsIndirectInputEvents[sdk=iphonesimulator*]" = YES;
				"INFOPLIST_KEY_UILaunchScreen_Generation[sdk=iphoneos*]" = YES;
				"INFOPLIST_KEY_UILaunchScreen_Generation[sdk=iphonesimulator*]" = YES;
				"INFOPLIST_KEY_UIStatusBarStyle[sdk=iphoneos*]" = UIStatusBarStyleDefault;
				"INFOPLIST_KEY_UIStatusBarStyle[sdk=iphonesimulator*]" = UIStatusBarStyleDefault;
				INFOPLIST_KEY_UISupportedInterfaceOrientations_iPad = "UIInterfaceOrientationPortrait UIInterfaceOrientationPortraitUpsideDown UIInterfaceOrientationLandscapeLeft UIInterfaceOrientationLandscapeRight";
				INFOPLIST_KEY_UISupportedInterfaceOrientations_iPhone = "UIInterfaceOrientationPortrait UIInterfaceOrientationLandscapeLeft UIInterfaceOrientationLandscapeRight";
				IPHONEOS_DEPLOYMENT_TARGET = 16.4;
				LD_RUNPATH_SEARCH_PATHS = "@executable_path/Frameworks";
				"LD_RUNPATH_SEARCH_PATHS[sdk=macosx*]" = "@executable_path/../Frameworks";
				MACOSX_DEPLOYMENT_TARGET = 13.3;
				MARKETING_VERSION = 1.0;
				PRODUCT_BUNDLE_IDENTIFIER = Swiftech.FireAndWater;
				PRODUCT_NAME = "$(TARGET_NAME)";
				SDKROOT = auto;
				SUPPORTED_PLATFORMS = "iphoneos iphonesimulator macosx";
				SWIFT_EMIT_LOC_STRINGS = YES;
				SWIFT_VERSION = 5.0;
				TARGETED_DEVICE_FAMILY = "1,2";
			};
			name = Debug;
		};
		BA21267B2AB5173200B3533D /* Release */ = {
			isa = XCBuildConfiguration;
			buildSettings = {
				ASSETCATALOG_COMPILER_APPICON_NAME = AppIcon;
				ASSETCATALOG_COMPILER_GLOBAL_ACCENT_COLOR_NAME = AccentColor;
				CODE_SIGN_ENTITLEMENTS = FireAndWater/FireAndWater.entitlements;
				CODE_SIGN_STYLE = Automatic;
				CURRENT_PROJECT_VERSION = 1;
				DEVELOPMENT_ASSET_PATHS = "\"FireAndWater/Preview Content\"";
				DEVELOPMENT_TEAM = 2KLC5XX3QG;
				ENABLE_HARDENED_RUNTIME = YES;
				ENABLE_PREVIEWS = YES;
				GENERATE_INFOPLIST_FILE = YES;
				"INFOPLIST_KEY_UIApplicationSceneManifest_Generation[sdk=iphoneos*]" = YES;
				"INFOPLIST_KEY_UIApplicationSceneManifest_Generation[sdk=iphonesimulator*]" = YES;
				"INFOPLIST_KEY_UIApplicationSupportsIndirectInputEvents[sdk=iphoneos*]" = YES;
				"INFOPLIST_KEY_UIApplicationSupportsIndirectInputEvents[sdk=iphonesimulator*]" = YES;
				"INFOPLIST_KEY_UILaunchScreen_Generation[sdk=iphoneos*]" = YES;
				"INFOPLIST_KEY_UILaunchScreen_Generation[sdk=iphonesimulator*]" = YES;
				"INFOPLIST_KEY_UIStatusBarStyle[sdk=iphoneos*]" = UIStatusBarStyleDefault;
				"INFOPLIST_KEY_UIStatusBarStyle[sdk=iphonesimulator*]" = UIStatusBarStyleDefault;
				INFOPLIST_KEY_UISupportedInterfaceOrientations_iPad = "UIInterfaceOrientationPortrait UIInterfaceOrientationPortraitUpsideDown UIInterfaceOrientationLandscapeLeft UIInterfaceOrientationLandscapeRight";
				INFOPLIST_KEY_UISupportedInterfaceOrientations_iPhone = "UIInterfaceOrientationPortrait UIInterfaceOrientationLandscapeLeft UIInterfaceOrientationLandscapeRight";
				IPHONEOS_DEPLOYMENT_TARGET = 16.4;
				LD_RUNPATH_SEARCH_PATHS = "@executable_path/Frameworks";
				"LD_RUNPATH_SEARCH_PATHS[sdk=macosx*]" = "@executable_path/../Frameworks";
				MACOSX_DEPLOYMENT_TARGET = 13.3;
				MARKETING_VERSION = 1.0;
				PRODUCT_BUNDLE_IDENTIFIER = Swiftech.FireAndWater;
				PRODUCT_NAME = "$(TARGET_NAME)";
				SDKROOT = auto;
				SUPPORTED_PLATFORMS = "iphoneos iphonesimulator macosx";
				SWIFT_EMIT_LOC_STRINGS = YES;
				SWIFT_VERSION = 5.0;
				TARGETED_DEVICE_FAMILY = "1,2";
			};
			name = Release;
		};
/* End XCBuildConfiguration section */

/* Begin XCConfigurationList section */
		BA2126652AB5173100B3533D /* Build configuration list for PBXProject "FireAndWater" */ = {
			isa = XCConfigurationList;
			buildConfigurations = (
				BA2126772AB5173200B3533D /* Debug */,
				BA2126782AB5173200B3533D /* Release */,
			);
			defaultConfigurationIsVisible = 0;
			defaultConfigurationName = Release;
		};
		BA2126792AB5173200B3533D /* Build configuration list for PBXNativeTarget "FireAndWater" */ = {
			isa = XCConfigurationList;
			buildConfigurations = (
				BA21267A2AB5173200B3533D /* Debug */,
				BA21267B2AB5173200B3533D /* Release */,
			);
			defaultConfigurationIsVisible = 0;
			defaultConfigurationName = Release;
		};
/* End XCConfigurationList section */
	};
	rootObject = BA2126622AB5173100B3533D /* Project object */;
}
