// !$*UTF8*$!
{
	archiveVersion = 1;
	classes = {
	};
	objectVersion = 56;
	objects = {

/* Begin PBXBuildFile section */
		BA3AC8CA2AB8BA600072910E /* FireSliderApp.swift in Sources */ = {isa = PBXBuildFile; fileRef = BA3AC8C92AB8BA600072910E /* FireSliderApp.swift */; };
		BA3AC8CC2AB8BA600072910E /* SliderView.swift in Sources */ = {isa = PBXBuildFile; fileRef = BA3AC8CB2AB8BA600072910E /* SliderView.swift */; };
		BA3AC8D22AB8BA610072910E /* Preview Assets.xcassets in Resources */ = {isa = PBXBuildFile; fileRef = BA3AC8D12AB8BA610072910E /* Preview Assets.xcassets */; };
		BA3AC8D92AB8BB130072910E /* ParticleView.swift in Sources */ = {isa = PBXBuildFile; fileRef = BA3AC8D82AB8BB130072910E /* ParticleView.swift */; };
		BA3AC8DC2AB8BB2A0072910E /* Fire.sks in Resources */ = {isa = PBXBuildFile; fileRef = BA3AC8DA2AB8BB2A0072910E /* Fire.sks */; };
		BA3AC8DD2AB8BB2A0072910E /* Fire2.sks in Resources */ = {isa = PBXBuildFile; fileRef = BA3AC8DB2AB8BB2A0072910E /* Fire2.sks */; };
		BA3AC8DF2AB8BB4A0072910E /* SpriteContainerView.swift in Sources */ = {isa = PBXBuildFile; fileRef = BA3AC8DE2AB8BB4A0072910E /* SpriteContainerView.swift */; };
		BA3AC8E12AB8BBAB0072910E /* ParticleScene.swift in Sources */ = {isa = PBXBuildFile; fileRef = BA3AC8E02AB8BBAB0072910E /* ParticleScene.swift */; };
		BA3AC8E52AB8C5220072910E /* CustomSlider.swift in Sources */ = {isa = PBXBuildFile; fileRef = BA3AC8E42AB8C5220072910E /* CustomSlider.swift */; };
		BA3AC8E72AB8E2660072910E /* Assets.xcassets in Resources */ = {isa = PBXBuildFile; fileRef = BA3AC8E62AB8E2660072910E /* Assets.xcassets */; };
		BA3AC8E92AB8E7550072910E /* Holder.swift in Sources */ = {isa = PBXBuildFile; fileRef = BA3AC8E82AB8E7550072910E /* Holder.swift */; };
/* End PBXBuildFile section */

/* Begin PBXFileReference section */
		BA3AC8C62AB8BA600072910E /* FireSlider.app */ = {isa = PBXFileReference; explicitFileType = wrapper.application; includeInIndex = 0; path = FireSlider.app; sourceTree = BUILT_PRODUCTS_DIR; };
		BA3AC8C92AB8BA600072910E /* FireSliderApp.swift */ = {isa = PBXFileReference; lastKnownFileType = sourcecode.swift; path = FireSliderApp.swift; sourceTree = "<group>"; };
		BA3AC8CB2AB8BA600072910E /* SliderView.swift */ = {isa = PBXFileReference; lastKnownFileType = sourcecode.swift; path = SliderView.swift; sourceTree = "<group>"; };
		BA3AC8CF2AB8BA610072910E /* FireSlider.entitlements */ = {isa = PBXFileReference; lastKnownFileType = text.plist.entitlements; path = FireSlider.entitlements; sourceTree = "<group>"; };
		BA3AC8D12AB8BA610072910E /* Preview Assets.xcassets */ = {isa = PBXFileReference; lastKnownFileType = folder.assetcatalog; path = "Preview Assets.xcassets"; sourceTree = "<group>"; };
		BA3AC8D82AB8BB130072910E /* ParticleView.swift */ = {isa = PBXFileReference; fileEncoding = 4; lastKnownFileType = sourcecode.swift; path = ParticleView.swift; sourceTree = "<group>"; };
		BA3AC8DA2AB8BB2A0072910E /* Fire.sks */ = {isa = PBXFileReference; lastKnownFileType = file.sks; path = Fire.sks; sourceTree = "<group>"; };
		BA3AC8DB2AB8BB2A0072910E /* Fire2.sks */ = {isa = PBXFileReference; lastKnownFileType = file.sks; path = Fire2.sks; sourceTree = "<group>"; };
		BA3AC8DE2AB8BB4A0072910E /* SpriteContainerView.swift */ = {isa = PBXFileReference; fileEncoding = 4; lastKnownFileType = sourcecode.swift; path = SpriteContainerView.swift; sourceTree = "<group>"; };
		BA3AC8E02AB8BBAB0072910E /* ParticleScene.swift */ = {isa = PBXFileReference; fileEncoding = 4; lastKnownFileType = sourcecode.swift; path = ParticleScene.swift; sourceTree = "<group>"; };
		BA3AC8E42AB8C5220072910E /* CustomSlider.swift */ = {isa = PBXFileReference; lastKnownFileType = sourcecode.swift; path = CustomSlider.swift; sourceTree = "<group>"; };
		BA3AC8E62AB8E2660072910E /* Assets.xcassets */ = {isa = PBXFileReference; lastKnownFileType = folder.assetcatalog; path = Assets.xcassets; sourceTree = "<group>"; };
		BA3AC8E82AB8E7550072910E /* Holder.swift */ = {isa = PBXFileReference; lastKnownFileType = sourcecode.swift; path = Holder.swift; sourceTree = "<group>"; };
/* End PBXFileReference section */

/* Begin PBXFrameworksBuildPhase section */
		BA3AC8C32AB8BA600072910E /* Frameworks */ = {
			isa = PBXFrameworksBuildPhase;
			buildActionMask = 2147483647;
			files = (
			);
			runOnlyForDeploymentPostprocessing = 0;
		};
/* End PBXFrameworksBuildPhase section */

/* Begin PBXGroup section */
		BA3AC8BD2AB8BA600072910E = {
			isa = PBXGroup;
			children = (
				BA3AC8C82AB8BA600072910E /* FireSlider */,
				BA3AC8C72AB8BA600072910E /* Products */,
			);
			sourceTree = "<group>";
		};
		BA3AC8C72AB8BA600072910E /* Products */ = {
			isa = PBXGroup;
			children = (
				BA3AC8C62AB8BA600072910E /* FireSlider.app */,
			);
			name = Products;
			sourceTree = "<group>";
		};
		BA3AC8C82AB8BA600072910E /* FireSlider */ = {
			isa = PBXGroup;
			children = (
				BA3AC8DA2AB8BB2A0072910E /* Fire.sks */,
				BA3AC8DB2AB8BB2A0072910E /* Fire2.sks */,
				BA3AC8C92AB8BA600072910E /* FireSliderApp.swift */,
				BA3AC8CB2AB8BA600072910E /* SliderView.swift */,
				BA3AC8E42AB8C5220072910E /* CustomSlider.swift */,
				BA3AC8E82AB8E7550072910E /* Holder.swift */,
				BA3AC8D82AB8BB130072910E /* ParticleView.swift */,
				BA3AC8E02AB8BBAB0072910E /* ParticleScene.swift */,
				BA3AC8DE2AB8BB4A0072910E /* SpriteContainerView.swift */,
				BA3AC8E62AB8E2660072910E /* Assets.xcassets */,
				BA3AC8CF2AB8BA610072910E /* FireSlider.entitlements */,
				BA3AC8D02AB8BA610072910E /* Preview Content */,
			);
			path = FireSlider;
			sourceTree = "<group>";
		};
		BA3AC8D02AB8BA610072910E /* Preview Content */ = {
			isa = PBXGroup;
			children = (
				BA3AC8D12AB8BA610072910E /* Preview Assets.xcassets */,
			);
			path = "Preview Content";
			sourceTree = "<group>";
		};
/* End PBXGroup section */

/* Begin PBXNativeTarget section */
		BA3AC8C52AB8BA600072910E /* FireSlider */ = {
			isa = PBXNativeTarget;
			buildConfigurationList = BA3AC8D52AB8BA610072910E /* Build configuration list for PBXNativeTarget "FireSlider" */;
			buildPhases = (
				BA3AC8C22AB8BA600072910E /* Sources */,
				BA3AC8C32AB8BA600072910E /* Frameworks */,
				BA3AC8C42AB8BA600072910E /* Resources */,
			);
			buildRules = (
			);
			dependencies = (
			);
			name = FireSlider;
			productName = FireSlider;
			productReference = BA3AC8C62AB8BA600072910E /* FireSlider.app */;
			productType = "com.apple.product-type.application";
		};
/* End PBXNativeTarget section */

/* Begin PBXProject section */
		BA3AC8BE2AB8BA600072910E /* Project object */ = {
			isa = PBXProject;
			attributes = {
				BuildIndependentTargetsInParallel = 1;
				LastSwiftUpdateCheck = 1430;
				LastUpgradeCheck = 1430;
				TargetAttributes = {
					BA3AC8C52AB8BA600072910E = {
						CreatedOnToolsVersion = 14.3;
					};
				};
			};
			buildConfigurationList = BA3AC8C12AB8BA600072910E /* Build configuration list for PBXProject "FireSlider" */;
			compatibilityVersion = "Xcode 14.0";
			developmentRegion = en;
			hasScannedForEncodings = 0;
			knownRegions = (
				en,
				Base,
			);
			mainGroup = BA3AC8BD2AB8BA600072910E;
			productRefGroup = BA3AC8C72AB8BA600072910E /* Products */;
			projectDirPath = "";
			projectRoot = "";
			targets = (
				BA3AC8C52AB8BA600072910E /* FireSlider */,
			);
		};
/* End PBXProject section */

/* Begin PBXResourcesBuildPhase section */
		BA3AC8C42AB8BA600072910E /* Resources */ = {
			isa = PBXResourcesBuildPhase;
			buildActionMask = 2147483647;
			files = (
				BA3AC8DD2AB8BB2A0072910E /* Fire2.sks in Resources */,
				BA3AC8DC2AB8BB2A0072910E /* Fire.sks in Resources */,
				BA3AC8D22AB8BA610072910E /* Preview Assets.xcassets in Resources */,
				BA3AC8E72AB8E2660072910E /* Assets.xcassets in Resources */,
			);
			runOnlyForDeploymentPostprocessing = 0;
		};
/* End PBXResourcesBuildPhase section */

/* Begin PBXSourcesBuildPhase section */
		BA3AC8C22AB8BA600072910E /* Sources */ = {
			isa = PBXSourcesBuildPhase;
			buildActionMask = 2147483647;
			files = (
				BA3AC8CC2AB8BA600072910E /* SliderView.swift in Sources */,
				BA3AC8E52AB8C5220072910E /* CustomSlider.swift in Sources */,
				BA3AC8DF2AB8BB4A0072910E /* SpriteContainerView.swift in Sources */,
				BA3AC8D92AB8BB130072910E /* ParticleView.swift in Sources */,
				BA3AC8CA2AB8BA600072910E /* FireSliderApp.swift in Sources */,
				BA3AC8E12AB8BBAB0072910E /* ParticleScene.swift in Sources */,
				BA3AC8E92AB8E7550072910E /* Holder.swift in Sources */,
			);
			runOnlyForDeploymentPostprocessing = 0;
		};
/* End PBXSourcesBuildPhase section */

/* Begin XCBuildConfiguration section */
		BA3AC8D32AB8BA610072910E /* Debug */ = {
			isa = XCBuildConfiguration;
			buildSettings = {
				ALWAYS_SEARCH_USER_PATHS = NO;
				CLANG_ANALYZER_NONNULL = YES;
				CLANG_ANALYZER_NUMBER_OBJECT_CONVERSION = YES_AGGRESSIVE;
				CLANG_CXX_LANGUAGE_STANDARD = "gnu++20";
				CLANG_ENABLE_MODULES = YES;
				CLANG_ENABLE_OBJC_ARC = YES;
				CLANG_ENABLE_OBJC_WEAK = YES;
				CLANG_WARN_BLOCK_CAPTURE_AUTORELEASING = YES;
				CLANG_WARN_BOOL_CONVERSION = YES;
				CLANG_WARN_COMMA = YES;
				CLANG_WARN_CONSTANT_CONVERSION = YES;
				CLANG_WARN_DEPRECATED_OBJC_IMPLEMENTATIONS = YES;
				CLANG_WARN_DIRECT_OBJC_ISA_USAGE = YES_ERROR;
				CLANG_WARN_DOCUMENTATION_COMMENTS = YES;
				CLANG_WARN_EMPTY_BODY = YES;
				CLANG_WARN_ENUM_CONVERSION = YES;
				CLANG_WARN_INFINITE_RECURSION = YES;
				CLANG_WARN_INT_CONVERSION = YES;
				CLANG_WARN_NON_LITERAL_NULL_CONVERSION = YES;
				CLANG_WARN_OBJC_IMPLICIT_RETAIN_SELF = YES;
				CLANG_WARN_OBJC_LITERAL_CONVERSION = YES;
				CLANG_WARN_OBJC_ROOT_CLASS = YES_ERROR;
				CLANG_WARN_QUOTED_INCLUDE_IN_FRAMEWORK_HEADER = YES;
				CLANG_WARN_RANGE_LOOP_ANALYSIS = YES;
				CLANG_WARN_STRICT_PROTOTYPES = YES;
				CLANG_WARN_SUSPICIOUS_MOVE = YES;
				CLANG_WARN_UNGUARDED_AVAILABILITY = YES_AGGRESSIVE;
				CLANG_WARN_UNREACHABLE_CODE = YES;
				CLANG_WARN__DUPLICATE_METHOD_MATCH = YES;
				COPY_PHASE_STRIP = NO;
				DEBUG_INFORMATION_FORMAT = dwarf;
				ENABLE_STRICT_OBJC_MSGSEND = YES;
				ENABLE_TESTABILITY = YES;
				GCC_C_LANGUAGE_STANDARD = gnu11;
				GCC_DYNAMIC_NO_PIC = NO;
				GCC_NO_COMMON_BLOCKS = YES;
				GCC_OPTIMIZATION_LEVEL = 0;
				GCC_PREPROCESSOR_DEFINITIONS = (
					"DEBUG=1",
					"$(inherited)",
				);
				GCC_WARN_64_TO_32_BIT_CONVERSION = YES;
				GCC_WARN_ABOUT_RETURN_TYPE = YES_ERROR;
				GCC_WARN_UNDECLARED_SELECTOR = YES;
				GCC_WARN_UNINITIALIZED_AUTOS = YES_AGGRESSIVE;
				GCC_WARN_UNUSED_FUNCTION = YES;
				GCC_WARN_UNUSED_VARIABLE = YES;
				MTL_ENABLE_DEBUG_INFO = INCLUDE_SOURCE;
				MTL_FAST_MATH = YES;
				ONLY_ACTIVE_ARCH = YES;
				SWIFT_ACTIVE_COMPILATION_CONDITIONS = DEBUG;
				SWIFT_OPTIMIZATION_LEVEL = "-Onone";
			};
			name = Debug;
		};
		BA3AC8D42AB8BA610072910E /* Release */ = {
			isa = XCBuildConfiguration;
			buildSettings = {
				ALWAYS_SEARCH_USER_PATHS = NO;
				CLANG_ANALYZER_NONNULL = YES;
				CLANG_ANALYZER_NUMBER_OBJECT_CONVERSION = YES_AGGRESSIVE;
				CLANG_CXX_LANGUAGE_STANDARD = "gnu++20";
				CLANG_ENABLE_MODULES = YES;
				CLANG_ENABLE_OBJC_ARC = YES;
				CLANG_ENABLE_OBJC_WEAK = YES;
				CLANG_WARN_BLOCK_CAPTURE_AUTORELEASING = YES;
				CLANG_WARN_BOOL_CONVERSION = YES;
				CLANG_WARN_COMMA = YES;
				CLANG_WARN_CONSTANT_CONVERSION = YES;
				CLANG_WARN_DEPRECATED_OBJC_IMPLEMENTATIONS = YES;
				CLANG_WARN_DIRECT_OBJC_ISA_USAGE = YES_ERROR;
				CLANG_WARN_DOCUMENTATION_COMMENTS = YES;
				CLANG_WARN_EMPTY_BODY = YES;
				CLANG_WARN_ENUM_CONVERSION = YES;
				CLANG_WARN_INFINITE_RECURSION = YES;
				CLANG_WARN_INT_CONVERSION = YES;
				CLANG_WARN_NON_LITERAL_NULL_CONVERSION = YES;
				CLANG_WARN_OBJC_IMPLICIT_RETAIN_SELF = YES;
				CLANG_WARN_OBJC_LITERAL_CONVERSION = YES;
				CLANG_WARN_OBJC_ROOT_CLASS = YES_ERROR;
				CLANG_WARN_QUOTED_INCLUDE_IN_FRAMEWORK_HEADER = YES;
				CLANG_WARN_RANGE_LOOP_ANALYSIS = YES;
				CLANG_WARN_STRICT_PROTOTYPES = YES;
				CLANG_WARN_SUSPICIOUS_MOVE = YES;
				CLANG_WARN_UNGUARDED_AVAILABILITY = YES_AGGRESSIVE;
				CLANG_WARN_UNREACHABLE_CODE = YES;
				CLANG_WARN__DUPLICATE_METHOD_MATCH = YES;
				COPY_PHASE_STRIP = NO;
				DEBUG_INFORMATION_FORMAT = "dwarf-with-dsym";
				ENABLE_NS_ASSERTIONS = NO;
				ENABLE_STRICT_OBJC_MSGSEND = YES;
				GCC_C_LANGUAGE_STANDARD = gnu11;
				GCC_NO_COMMON_BLOCKS = YES;
				GCC_WARN_64_TO_32_BIT_CONVERSION = YES;
				GCC_WARN_ABOUT_RETURN_TYPE = YES_ERROR;
				GCC_WARN_UNDECLARED_SELECTOR = YES;
				GCC_WARN_UNINITIALIZED_AUTOS = YES_AGGRESSIVE;
				GCC_WARN_UNUSED_FUNCTION = YES;
				GCC_WARN_UNUSED_VARIABLE = YES;
				MTL_ENABLE_DEBUG_INFO = NO;
				MTL_FAST_MATH = YES;
				SWIFT_COMPILATION_MODE = wholemodule;
				SWIFT_OPTIMIZATION_LEVEL = "-O";
			};
			name = Release;
		};
		BA3AC8D62AB8BA610072910E /* Debug */ = {
			isa = XCBuildConfiguration;
			buildSettings = {
				ASSETCATALOG_COMPILER_APPICON_NAME = AppIcon;
				ASSETCATALOG_COMPILER_GLOBAL_ACCENT_COLOR_NAME = AccentColor;
				CODE_SIGN_ENTITLEMENTS = FireSlider/FireSlider.entitlements;
				CODE_SIGN_STYLE = Automatic;
				CURRENT_PROJECT_VERSION = 1;
				DEVELOPMENT_ASSET_PATHS = "\"FireSlider/Preview Content\"";
				DEVELOPMENT_TEAM = 2KLC5XX3QG;
				ENABLE_HARDENED_RUNTIME = YES;
				ENABLE_PREVIEWS = YES;
				GENERATE_INFOPLIST_FILE = YES;
				"INFOPLIST_KEY_UIApplicationSceneManifest_Generation[sdk=iphoneos*]" = YES;
				"INFOPLIST_KEY_UIApplicationSceneManifest_Generation[sdk=iphonesimulator*]" = YES;
				"INFOPLIST_KEY_UIApplicationSupportsIndirectInputEvents[sdk=iphoneos*]" = YES;
				"INFOPLIST_KEY_UIApplicationSupportsIndirectInputEvents[sdk=iphonesimulator*]" = YES;
				"INFOPLIST_KEY_UILaunchScreen_Generation[sdk=iphoneos*]" = YES;
				"INFOPLIST_KEY_UILaunchScreen_Generation[sdk=iphonesimulator*]" = YES;
				"INFOPLIST_KEY_UIStatusBarStyle[sdk=iphoneos*]" = UIStatusBarStyleDefault;
				"INFOPLIST_KEY_UIStatusBarStyle[sdk=iphonesimulator*]" = UIStatusBarStyleDefault;
				INFOPLIST_KEY_UISupportedInterfaceOrientations_iPad = "UIInterfaceOrientationPortrait UIInterfaceOrientationPortraitUpsideDown UIInterfaceOrientationLandscapeLeft UIInterfaceOrientationLandscapeRight";
				INFOPLIST_KEY_UISupportedInterfaceOrientations_iPhone = "UIInterfaceOrientationPortrait UIInterfaceOrientationLandscapeLeft UIInterfaceOrientationLandscapeRight";
				IPHONEOS_DEPLOYMENT_TARGET = 16.4;
				LD_RUNPATH_SEARCH_PATHS = "@executable_path/Frameworks";
				"LD_RUNPATH_SEARCH_PATHS[sdk=macosx*]" = "@executable_path/../Frameworks";
				MACOSX_DEPLOYMENT_TARGET = 13.3;
				MARKETING_VERSION = 1.0;
				PRODUCT_BUNDLE_IDENTIFIER = Swiftech.FireSlider;
				PRODUCT_NAME = "$(TARGET_NAME)";
				SDKROOT = auto;
				SUPPORTED_PLATFORMS = "iphoneos iphonesimulator macosx";
				SWIFT_EMIT_LOC_STRINGS = YES;
				SWIFT_VERSION = 5.0;
				TARGETED_DEVICE_FAMILY = "1,2";
			};
			name = Debug;
		};
		BA3AC8D72AB8BA610072910E /* Release */ = {
			isa = XCBuildConfiguration;
			buildSettings = {
				ASSETCATALOG_COMPILER_APPICON_NAME = AppIcon;
				ASSETCATALOG_COMPILER_GLOBAL_ACCENT_COLOR_NAME = AccentColor;
				CODE_SIGN_ENTITLEMENTS = FireSlider/FireSlider.entitlements;
				CODE_SIGN_STYLE = Automatic;
				CURRENT_PROJECT_VERSION = 1;
				DEVELOPMENT_ASSET_PATHS = "\"FireSlider/Preview Content\"";
				DEVELOPMENT_TEAM = 2KLC5XX3QG;
				ENABLE_HARDENED_RUNTIME = YES;
				ENABLE_PREVIEWS = YES;
				GENERATE_INFOPLIST_FILE = YES;
				"INFOPLIST_KEY_UIApplicationSceneManifest_Generation[sdk=iphoneos*]" = YES;
				"INFOPLIST_KEY_UIApplicationSceneManifest_Generation[sdk=iphonesimulator*]" = YES;
				"INFOPLIST_KEY_UIApplicationSupportsIndirectInputEvents[sdk=iphoneos*]" = YES;
				"INFOPLIST_KEY_UIApplicationSupportsIndirectInputEvents[sdk=iphonesimulator*]" = YES;
				"INFOPLIST_KEY_UILaunchScreen_Generation[sdk=iphoneos*]" = YES;
				"INFOPLIST_KEY_UILaunchScreen_Generation[sdk=iphonesimulator*]" = YES;
				"INFOPLIST_KEY_UIStatusBarStyle[sdk=iphoneos*]" = UIStatusBarStyleDefault;
				"INFOPLIST_KEY_UIStatusBarStyle[sdk=iphonesimulator*]" = UIStatusBarStyleDefault;
				INFOPLIST_KEY_UISupportedInterfaceOrientations_iPad = "UIInterfaceOrientationPortrait UIInterfaceOrientationPortraitUpsideDown UIInterfaceOrientationLandscapeLeft UIInterfaceOrientationLandscapeRight";
				INFOPLIST_KEY_UISupportedInterfaceOrientations_iPhone = "UIInterfaceOrientationPortrait UIInterfaceOrientationLandscapeLeft UIInterfaceOrientationLandscapeRight";
				IPHONEOS_DEPLOYMENT_TARGET = 16.4;
				LD_RUNPATH_SEARCH_PATHS = "@executable_path/Frameworks";
				"LD_RUNPATH_SEARCH_PATHS[sdk=macosx*]" = "@executable_path/../Frameworks";
				MACOSX_DEPLOYMENT_TARGET = 13.3;
				MARKETING_VERSION = 1.0;
				PRODUCT_BUNDLE_IDENTIFIER = Swiftech.FireSlider;
				PRODUCT_NAME = "$(TARGET_NAME)";
				SDKROOT = auto;
				SUPPORTED_PLATFORMS = "iphoneos iphonesimulator macosx";
				SWIFT_EMIT_LOC_STRINGS = YES;
				SWIFT_VERSION = 5.0;
				TARGETED_DEVICE_FAMILY = "1,2";
			};
			name = Release;
		};
/* End XCBuildConfiguration section */

/* Begin XCConfigurationList section */
		BA3AC8C12AB8BA600072910E /* Build configuration list for PBXProject "FireSlider" */ = {
			isa = XCConfigurationList;
			buildConfigurations = (
				BA3AC8D32AB8BA610072910E /* Debug */,
				BA3AC8D42AB8BA610072910E /* Release */,
			);
			defaultConfigurationIsVisible = 0;
			defaultConfigurationName = Release;
		};
		BA3AC8D52AB8BA610072910E /* Build configuration list for PBXNativeTarget "FireSlider" */ = {
			isa = XCConfigurationList;
			buildConfigurations = (
				BA3AC8D62AB8BA610072910E /* Debug */,
				BA3AC8D72AB8BA610072910E /* Release */,
			);
			defaultConfigurationIsVisible = 0;
			defaultConfigurationName = Release;
		};
/* End XCConfigurationList section */
	};
	rootObject = BA3AC8BE2AB8BA600072910E /* Project object */;
}
